
Microsoft Visual Studio Solution File, Format Version 12.00
# Visual Studio 15
VisualStudioVersion = 15.0.27428.2027
MinimumVisualStudioVersion = 10.0.40219.1
Project("{FAE04EC0-301F-11D3-BF4B-00C04F79EFBC}") = "MenuBot", "MenuBot\MenuBot.csproj", "{D148C615-CC97-476D-93F1-D94A12964C60}"
EndProject
Global
	GlobalSection(SolutionConfigurationPlatforms) = preSolution
		Debug|Any CPU = Debug|Any CPU
		Release|Any CPU = Release|Any CPU
	EndGlobalSection
	GlobalSection(ProjectConfigurationPlatforms) = postSolution
		{D148C615-CC97-476D-93F1-D94A12964C60}.Debug|Any CPU.ActiveCfg = Debug|Any CPU
		{D148C615-CC97-476D-93F1-D94A12964C60}.Debug|Any CPU.Build.0 = Debug|Any CPU
		{D148C615-CC97-476D-93F1-D94A12964C60}.Release|Any CPU.ActiveCfg = Release|Any CPU
		{D148C615-CC97-476D-93F1-D94A12964C60}.Release|Any CPU.Build.0 = Release|Any CPU
	EndGlobalSection
	GlobalSection(SolutionProperties) = preSolution
		HideSolutionNode = FALSE
	EndGlobalSection
	GlobalSection(ExtensibilityGlobals) = postSolution
		SolutionGuid = {7124B7BE-618C-4592-A678-E43BAA4252AB}
	EndGlobalSection
EndGlobal
